
Microsoft Visual Studio Solution File, Format Version 12.00
# Visual Studio Version 17
VisualStudioVersion = 17.0.31903.59
MinimumVisualStudioVersion = 10.0.40219.1
Project("{2150E333-8FDC-42A3-9474-1A3956D46DE8}") = "src", "src", "{827E0CD3-B72D-47B6-A68D-7590B98EB39B}"
EndProject
Project("{2150E333-8FDC-42A3-9474-1A3956D46DE8}") = "3-DOMAIN", "3-DOMAIN", "{D246CDC7-1ACB-420F-0BA9-401DB6580FDC}"
EndProject
Project("{FAE04EC0-301F-11D3-BF4B-00C04F79EFBC}") = "PortfolioTracker.Domain", "src\3-DOMAIN\PortfolioTracker.Domain\PortfolioTracker.Domain.csproj", "{7184E3BD-4FF7-4014-B574-5BBAA92EE719}"
EndProject
Project("{2150E333-8FDC-42A3-9474-1A3956D46DE8}") = "2-APPLICATION", "2-APPLICATION", "{882ABE8D-50B5-F5D7-3B90-F220014ED427}"
EndProject
Project("{FAE04EC0-301F-11D3-BF4B-00C04F79EFBC}") = "PortfolioTracker.Application", "src\2-APPLICATION\PortfolioTracker.Application\PortfolioTracker.Application.csproj", "{338A8D3F-D538-485A-B173-EE7E0FE35521}"
EndProject
Project("{2150E333-8FDC-42A3-9474-1A3956D46DE8}") = "4-INFRASTRUCTURE", "4-INFRASTRUCTURE", "{F7E8214F-53C2-3214-ED42-401E85FD48C9}"
EndProject
Project("{FAE04EC0-301F-11D3-BF4B-00C04F79EFBC}") = "PortfolioTracker.Infrastructure", "src\4-INFRASTRUCTURE\PortfolioTracker.Infrastructure\PortfolioTracker.Infrastructure.csproj", "{1D3E941F-4CC6-4C11-B0C6-84FC8DD28249}"
EndProject
Project("{2150E333-8FDC-42A3-9474-1A3956D46DE8}") = "1-PRESENTATION", "1-PRESENTATION", "{FDEEBA4A-6FFA-10A8-0B31-A51F8B4A1CFC}"
EndProject
Project("{FAE04EC0-301F-11D3-BF4B-00C04F79EFBC}") = "PortfolioTracker.API", "src\1-PRESENTATION\PortfolioTracker.API\PortfolioTracker.API.csproj", "{73160BB2-1CB5-4508-8C3D-CAE5E048D16C}"
EndProject
Global
	GlobalSection(SolutionConfigurationPlatforms) = preSolution
		Debug|Any CPU = Debug|Any CPU
		Debug|x64 = Debug|x64
		Debug|x86 = Debug|x86
		Release|Any CPU = Release|Any CPU
		Release|x64 = Release|x64
		Release|x86 = Release|x86
	EndGlobalSection
	GlobalSection(ProjectConfigurationPlatforms) = postSolution
		{7184E3BD-4FF7-4014-B574-5BBAA92EE719}.Debug|Any CPU.ActiveCfg = Debug|Any CPU
		{7184E3BD-4FF7-4014-B574-5BBAA92EE719}.Debug|Any CPU.Build.0 = Debug|Any CPU
		{7184E3BD-4FF7-4014-B574-5BBAA92EE719}.Debug|x64.ActiveCfg = Debug|Any CPU
		{7184E3BD-4FF7-4014-B574-5BBAA92EE719}.Debug|x64.Build.0 = Debug|Any CPU
		{7184E3BD-4FF7-4014-B574-5BBAA92EE719}.Debug|x86.ActiveCfg = Debug|Any CPU
		{7184E3BD-4FF7-4014-B574-5BBAA92EE719}.Debug|x86.Build.0 = Debug|Any CPU
		{7184E3BD-4FF7-4014-B574-5BBAA92EE719}.Release|Any CPU.ActiveCfg = Release|Any CPU
		{7184E3BD-4FF7-4014-B574-5BBAA92EE719}.Release|Any CPU.Build.0 = Release|Any CPU
		{7184E3BD-4FF7-4014-B574-5BBAA92EE719}.Release|x64.ActiveCfg = Release|Any CPU
		{7184E3BD-4FF7-4014-B574-5BBAA92EE719}.Release|x64.Build.0 = Release|Any CPU
		{7184E3BD-4FF7-4014-B574-5BBAA92EE719}.Release|x86.ActiveCfg = Release|Any CPU
		{7184E3BD-4FF7-4014-B574-5BBAA92EE719}.Release|x86.Build.0 = Release|Any CPU
		{338A8D3F-D538-485A-B173-EE7E0FE35521}.Debug|Any CPU.ActiveCfg = Debug|Any CPU
		{338A8D3F-D538-485A-B173-EE7E0FE35521}.Debug|Any CPU.Build.0 = Debug|Any CPU
		{338A8D3F-D538-485A-B173-EE7E0FE35521}.Debug|x64.ActiveCfg = Debug|Any CPU
		{338A8D3F-D538-485A-B173-EE7E0FE35521}.Debug|x64.Build.0 = Debug|Any CPU
		{338A8D3F-D538-485A-B173-EE7E0FE35521}.Debug|x86.ActiveCfg = Debug|Any CPU
		{338A8D3F-D538-485A-B173-EE7E0FE35521}.Debug|x86.Build.0 = Debug|Any CPU
		{338A8D3F-D538-485A-B173-EE7E0FE35521}.Release|Any CPU.ActiveCfg = Release|Any CPU
		{338A8D3F-D538-485A-B173-EE7E0FE35521}.Release|Any CPU.Build.0 = Release|Any CPU
		{338A8D3F-D538-485A-B173-EE7E0FE35521}.Release|x64.ActiveCfg = Release|Any CPU
		{338A8D3F-D538-485A-B173-EE7E0FE35521}.Release|x64.Build.0 = Release|Any CPU
		{338A8D3F-D538-485A-B173-EE7E0FE35521}.Release|x86.ActiveCfg = Release|Any CPU
		{338A8D3F-D538-485A-B173-EE7E0FE35521}.Release|x86.Build.0 = Release|Any CPU
		{1D3E941F-4CC6-4C11-B0C6-84FC8DD28249}.Debug|Any CPU.ActiveCfg = Debug|Any CPU
		{1D3E941F-4CC6-4C11-B0C6-84FC8DD28249}.Debug|Any CPU.Build.0 = Debug|Any CPU
		{1D3E941F-4CC6-4C11-B0C6-84FC8DD28249}.Debug|x64.ActiveCfg = Debug|Any CPU
		{1D3E941F-4CC6-4C11-B0C6-84FC8DD28249}.Debug|x64.Build.0 = Debug|Any CPU
		{1D3E941F-4CC6-4C11-B0C6-84FC8DD28249}.Debug|x86.ActiveCfg = Debug|Any CPU
		{1D3E941F-4CC6-4C11-B0C6-84FC8DD28249}.Debug|x86.Build.0 = Debug|Any CPU
		{1D3E941F-4CC6-4C11-B0C6-84FC8DD28249}.Release|Any CPU.ActiveCfg = Release|Any CPU
		{1D3E941F-4CC6-4C11-B0C6-84FC8DD28249}.Release|Any CPU.Build.0 = Release|Any CPU
		{1D3E941F-4CC6-4C11-B0C6-84FC8DD28249}.Release|x64.ActiveCfg = Release|Any CPU
		{1D3E941F-4CC6-4C11-B0C6-84FC8DD28249}.Release|x64.Build.0 = Release|Any CPU
		{1D3E941F-4CC6-4C11-B0C6-84FC8DD28249}.Release|x86.ActiveCfg = Release|Any CPU
		{1D3E941F-4CC6-4C11-B0C6-84FC8DD28249}.Release|x86.Build.0 = Release|Any CPU
		{73160BB2-1CB5-4508-8C3D-CAE5E048D16C}.Debug|Any CPU.ActiveCfg = Debug|Any CPU
		{73160BB2-1CB5-4508-8C3D-CAE5E048D16C}.Debug|Any CPU.Build.0 = Debug|Any CPU
		{73160BB2-1CB5-4508-8C3D-CAE5E048D16C}.Debug|x64.ActiveCfg = Debug|Any CPU
		{73160BB2-1CB5-4508-8C3D-CAE5E048D16C}.Debug|x64.Build.0 = Debug|Any CPU
		{73160BB2-1CB5-4508-8C3D-CAE5E048D16C}.Debug|x86.ActiveCfg = Debug|Any CPU
		{73160BB2-1CB5-4508-8C3D-CAE5E048D16C}.Debug|x86.Build.0 = Debug|Any CPU
		{73160BB2-1CB5-4508-8C3D-CAE5E048D16C}.Release|Any CPU.ActiveCfg = Release|Any CPU
		{73160BB2-1CB5-4508-8C3D-CAE5E048D16C}.Release|Any CPU.Build.0 = Release|Any CPU
		{73160BB2-1CB5-4508-8C3D-CAE5E048D16C}.Release|x64.ActiveCfg = Release|Any CPU
		{73160BB2-1CB5-4508-8C3D-CAE5E048D16C}.Release|x64.Build.0 = Release|Any CPU
		{73160BB2-1CB5-4508-8C3D-CAE5E048D16C}.Release|x86.ActiveCfg = Release|Any CPU
		{73160BB2-1CB5-4508-8C3D-CAE5E048D16C}.Release|x86.Build.0 = Release|Any CPU
	EndGlobalSection
	GlobalSection(SolutionProperties) = preSolution
		HideSolutionNode = FALSE
	EndGlobalSection
	GlobalSection(NestedProjects) = preSolution
		{D246CDC7-1ACB-420F-0BA9-401DB6580FDC} = {827E0CD3-B72D-47B6-A68D-7590B98EB39B}
		{7184E3BD-4FF7-4014-B574-5BBAA92EE719} = {D246CDC7-1ACB-420F-0BA9-401DB6580FDC}
		{882ABE8D-50B5-F5D7-3B90-F220014ED427} = {827E0CD3-B72D-47B6-A68D-7590B98EB39B}
		{338A8D3F-D538-485A-B173-EE7E0FE35521} = {882ABE8D-50B5-F5D7-3B90-F220014ED427}
		{F7E8214F-53C2-3214-ED42-401E85FD48C9} = {827E0CD3-B72D-47B6-A68D-7590B98EB39B}
		{1D3E941F-4CC6-4C11-B0C6-84FC8DD28249} = {F7E8214F-53C2-3214-ED42-401E85FD48C9}
		{FDEEBA4A-6FFA-10A8-0B31-A51F8B4A1CFC} = {827E0CD3-B72D-47B6-A68D-7590B98EB39B}
		{73160BB2-1CB5-4508-8C3D-CAE5E048D16C} = {FDEEBA4A-6FFA-10A8-0B31-A51F8B4A1CFC}
	EndGlobalSection
EndGlobal
